
Microsoft Visual Studio Solution File, Format Version 12.00
# Visual Studio 15
VisualStudioVersion = 15.0.28010.2003
MinimumVisualStudioVersion = 10.0.40219.1
Project("{8BC9CEB8-8B4A-11D0-8D11-00A0C91BC942}") = "MultipleFIR", "MultipleFIR\MultipleFIR.vcxproj", "{14A855B3-2B12-4926-BC24-34AA36B9CE92}"
EndProject
Global
	GlobalSection(SolutionConfigurationPlatforms) = preSolution
		Debug|x64 = Debug|x64
		Debug|x86 = Debug|x86
		Release|x64 = Release|x64
		Release|x86 = Release|x86
	EndGlobalSection
	GlobalSection(ProjectConfigurationPlatforms) = postSolution
		{14A855B3-2B12-4926-BC24-34AA36B9CE92}.Debug|x64.ActiveCfg = Debug|x64
		{14A855B3-2B12-4926-BC24-34AA36B9CE92}.Debug|x64.Build.0 = Debug|x64
		{14A855B3-2B12-4926-BC24-34AA36B9CE92}.Debug|x86.ActiveCfg = Debug|Win32
		{14A855B3-2B12-4926-BC24-34AA36B9CE92}.Debug|x86.Build.0 = Debug|Win32
		{14A855B3-2B12-4926-BC24-34AA36B9CE92}.Release|x64.ActiveCfg = Release|x64
		{14A855B3-2B12-4926-BC24-34AA36B9CE92}.Release|x64.Build.0 = Release|x64
		{14A855B3-2B12-4926-BC24-34AA36B9CE92}.Release|x86.ActiveCfg = Release|Win32
		{14A855B3-2B12-4926-BC24-34AA36B9CE92}.Release|x86.Build.0 = Release|Win32
	EndGlobalSection
	GlobalSection(SolutionProperties) = preSolution
		HideSolutionNode = FALSE
	EndGlobalSection
	GlobalSection(ExtensibilityGlobals) = postSolution
		SolutionGuid = {DD8F25B1-EF9B-48D5-81F9-B038130531EE}
	EndGlobalSection
EndGlobal
